
Microsoft Visual Studio Solution File, Format Version 12.00
# Visual Studio Version 16
VisualStudioVersion = 16.0.31019.35
MinimumVisualStudioVersion = 10.0.40219.1
Project("{FAE04EC0-301F-11D3-BF4B-00C04F79EFBC}") = "BuildTool", "BuildTool\BuildTool.csproj", "{2080BD2A-A6F1-4A0E-BD81-CA58DC667417}"
EndProject
Project("{FAE04EC0-301F-11D3-BF4B-00C04F79EFBC}") = "CropReplant", "ModTemplateValheim\CropReplant.csproj", "{3B95EEF7-4A97-4393-91A0-3626434F3631}"
EndProject
Global
	GlobalSection(SolutionConfigurationPlatforms) = preSolution
		Debug|Any CPU = Debug|Any CPU
		Release|Any CPU = Release|Any CPU
	EndGlobalSection
	GlobalSection(ProjectConfigurationPlatforms) = postSolution
		{2080BD2A-A6F1-4A0E-BD81-CA58DC667417}.Debug|Any CPU.ActiveCfg = Debug|Any CPU
		{2080BD2A-A6F1-4A0E-BD81-CA58DC667417}.Debug|Any CPU.Build.0 = Debug|Any CPU
		{2080BD2A-A6F1-4A0E-BD81-CA58DC667417}.Release|Any CPU.ActiveCfg = Release|Any CPU
		{2080BD2A-A6F1-4A0E-BD81-CA58DC667417}.Release|Any CPU.Build.0 = Release|Any CPU
		{3B95EEF7-4A97-4393-91A0-3626434F3631}.Debug|Any CPU.ActiveCfg = Debug|Any CPU
		{3B95EEF7-4A97-4393-91A0-3626434F3631}.Debug|Any CPU.Build.0 = Debug|Any CPU
		{3B95EEF7-4A97-4393-91A0-3626434F3631}.Release|Any CPU.ActiveCfg = Release|Any CPU
		{3B95EEF7-4A97-4393-91A0-3626434F3631}.Release|Any CPU.Build.0 = Release|Any CPU
	EndGlobalSection
	GlobalSection(SolutionProperties) = preSolution
		HideSolutionNode = FALSE
	EndGlobalSection
	GlobalSection(ExtensibilityGlobals) = postSolution
		SolutionGuid = {732D80F6-B3C6-4291-8117-4F6BFAF45638}
	EndGlobalSection
EndGlobal
